
Microsoft Visual Studio Solution File, Format Version 12.00
# Visual Studio Version 16
VisualStudioVersion = 25.0.1706.14
MinimumVisualStudioVersion = 10.0.40219.1
Project("{FAE04EC0-301F-11D3-BF4B-00C04F79EFBC}") = "FaveSong", "FaveSong\FaveSong.csproj", "{2E27838D-77AA-4200-97B9-55051C151F90}"
EndProject
Global
	GlobalSection(SolutionConfigurationPlatforms) = preSolution
		Debug|Any CPU = Debug|Any CPU
		Release|Any CPU = Release|Any CPU
	EndGlobalSection
	GlobalSection(ProjectConfigurationPlatforms) = postSolution
		{2E27838D-77AA-4200-97B9-55051C151F90}.Debug|Any CPU.ActiveCfg = Debug|Any CPU
		{2E27838D-77AA-4200-97B9-55051C151F90}.Debug|Any CPU.Build.0 = Debug|Any CPU
		{2E27838D-77AA-4200-97B9-55051C151F90}.Release|Any CPU.ActiveCfg = Release|Any CPU
		{2E27838D-77AA-4200-97B9-55051C151F90}.Release|Any CPU.Build.0 = Release|Any CPU
	EndGlobalSection
	GlobalSection(SolutionProperties) = preSolution
		HideSolutionNode = FALSE
	EndGlobalSection
	GlobalSection(ExtensibilityGlobals) = postSolution
		SolutionGuid = {521E7443-CDE6-48CC-8DBB-6AED4B538D2F}
	EndGlobalSection
EndGlobal
